
Microsoft Visual Studio Solution File, Format Version 12.00
# Visual Studio Version 16
VisualStudioVersion = 16.0.31515.178
MinimumVisualStudioVersion = 10.0.40219.1
Project("{8BC9CEB8-8B4A-11D0-8D11-00A0C91BC942}") = "Q1316", "Q1316\Q1316.vcxproj", "{4DE830EE-F825-468A-A5C2-D02FCD2071CC}"
EndProject
Project("{8BC9CEB8-8B4A-11D0-8D11-00A0C91BC942}") = "Q1712", "Q1712\Q1712.vcxproj", "{9D62D828-01BD-4063-A669-58E0191C2508}"
EndProject
Project("{8BC9CEB8-8B4A-11D0-8D11-00A0C91BC942}") = "Q2292", "Q2292\Q2292.vcxproj", "{52CD6D80-5B71-4C6A-A4AB-60E75B88E0AA}"
EndProject
Project("{8BC9CEB8-8B4A-11D0-8D11-00A0C91BC942}") = "Q1193", "Q1193\Q1193.vcxproj", "{4A6C0FF7-BEC5-454C-AE89-47F82F0F2DEA}"
EndProject
Project("{8BC9CEB8-8B4A-11D0-8D11-00A0C91BC942}") = "Q1193_2", "Q1193_2\Q1193_2.vcxproj", "{7EB6FDFD-130C-4627-BCAC-69DF3D3B7D07}"
EndProject
Project("{8BC9CEB8-8B4A-11D0-8D11-00A0C91BC942}") = "Q11654", "Q11654\Q11654.vcxproj", "{D91C5905-ECF2-4889-8634-F383D5F154F1}"
EndProject
Project("{8BC9CEB8-8B4A-11D0-8D11-00A0C91BC942}") = "Q11720", "Q11720\Q11720.vcxproj", "{E039F4D1-B64C-4371-BFAC-8FCE6B752029}"
EndProject
Project("{8BC9CEB8-8B4A-11D0-8D11-00A0C91BC942}") = "Q10809", "Q10809\Q10809.vcxproj", "{E83AEE16-2E18-44CA-9727-EDED63931E54}"
EndProject
Project("{8BC9CEB8-8B4A-11D0-8D11-00A0C91BC942}") = "Q2675", "Q2675\Q2675.vcxproj", "{0707C677-BB71-45AA-9143-7600834DEDE3}"
EndProject
Project("{8BC9CEB8-8B4A-11D0-8D11-00A0C91BC942}") = "Q1157", "Q1157\Q1157.vcxproj", "{DF5A898D-4958-4912-B56B-B59483EDA6C6}"
EndProject
Project("{8BC9CEB8-8B4A-11D0-8D11-00A0C91BC942}") = "Q1152", "Q1152\Q1152.vcxproj", "{D99D0B84-452A-43E7-8661-DBEC695060BE}"
EndProject
Project("{8BC9CEB8-8B4A-11D0-8D11-00A0C91BC942}") = "Q2908", "Q2908\Q2908.vcxproj", "{8BA27FE7-0B0E-4A8C-AD5C-C915BE1B80F9}"
EndProject
Project("{8BC9CEB8-8B4A-11D0-8D11-00A0C91BC942}") = "Q5622", "Q5622\Q5622.vcxproj", "{234686C6-E64A-4651-B888-1DC1AA365593}"
EndProject
Project("{8BC9CEB8-8B4A-11D0-8D11-00A0C91BC942}") = "Q2941", "Q2941\Q2941.vcxproj", "{A406DF85-71FD-4756-9814-CB225275BF39}"
EndProject
Project("{8BC9CEB8-8B4A-11D0-8D11-00A0C91BC942}") = "Q2869", "Q2869\Q2869.vcxproj", "{49DF6F4F-1521-4043-961B-F1D8404C9F64}"
EndProject
Project("{8BC9CEB8-8B4A-11D0-8D11-00A0C91BC942}") = "Q10250", "Q10250\Q10250.vcxproj", "{F788738A-B5F9-4124-AA0C-4FBCCBFE7F14}"
EndProject
Project("{8BC9CEB8-8B4A-11D0-8D11-00A0C91BC942}") = "Q2775", "Q2775\Q2775.vcxproj", "{D18F6071-2CFC-4986-9A96-8124CC2CFFE0}"
EndProject
Project("{8BC9CEB8-8B4A-11D0-8D11-00A0C91BC942}") = "Q2839", "Q2839\Q2839.vcxproj", "{DD001B28-D612-405D-A481-3508021DC273}"
EndProject
Project("{8BC9CEB8-8B4A-11D0-8D11-00A0C91BC942}") = "Q10757", "Q10757\Q10757.vcxproj", "{C2960F27-010A-4FE0-AD0E-94CA32542034}"
EndProject
Project("{8BC9CEB8-8B4A-11D0-8D11-00A0C91BC942}") = "Q1978", "Q1978\Q1978.vcxproj", "{51EDE3AB-4C98-4979-98A9-02171C3F2CD1}"
EndProject
Project("{8BC9CEB8-8B4A-11D0-8D11-00A0C91BC942}") = "Q2581", "Q2581\Q2581.vcxproj", "{2082C28F-D16B-4BCD-9665-0AE01F2001D1}"
EndProject
Project("{8BC9CEB8-8B4A-11D0-8D11-00A0C91BC942}") = "Q11653", "Q11653\Q11653.vcxproj", "{4193DDA4-310B-43FD-8464-EFA3EABB2D22}"
EndProject
Project("{8BC9CEB8-8B4A-11D0-8D11-00A0C91BC942}") = "Q1929", "Q1929\Q1929.vcxproj", "{34E993E3-6B71-4BAB-844C-294C9223FC77}"
EndProject
Global
	GlobalSection(SolutionConfigurationPlatforms) = preSolution
		Debug|x64 = Debug|x64
		Debug|x86 = Debug|x86
		Release|x64 = Release|x64
		Release|x86 = Release|x86
	EndGlobalSection
	GlobalSection(ProjectConfigurationPlatforms) = postSolution
		{4DE830EE-F825-468A-A5C2-D02FCD2071CC}.Debug|x64.ActiveCfg = Debug|x64
		{4DE830EE-F825-468A-A5C2-D02FCD2071CC}.Debug|x64.Build.0 = Debug|x64
		{4DE830EE-F825-468A-A5C2-D02FCD2071CC}.Debug|x86.ActiveCfg = Debug|Win32
		{4DE830EE-F825-468A-A5C2-D02FCD2071CC}.Debug|x86.Build.0 = Debug|Win32
		{4DE830EE-F825-468A-A5C2-D02FCD2071CC}.Release|x64.ActiveCfg = Release|x64
		{4DE830EE-F825-468A-A5C2-D02FCD2071CC}.Release|x64.Build.0 = Release|x64
		{4DE830EE-F825-468A-A5C2-D02FCD2071CC}.Release|x86.ActiveCfg = Release|Win32
		{4DE830EE-F825-468A-A5C2-D02FCD2071CC}.Release|x86.Build.0 = Release|Win32
		{9D62D828-01BD-4063-A669-58E0191C2508}.Debug|x64.ActiveCfg = Debug|x64
		{9D62D828-01BD-4063-A669-58E0191C2508}.Debug|x64.Build.0 = Debug|x64
		{9D62D828-01BD-4063-A669-58E0191C2508}.Debug|x86.ActiveCfg = Debug|Win32
		{9D62D828-01BD-4063-A669-58E0191C2508}.Debug|x86.Build.0 = Debug|Win32
		{9D62D828-01BD-4063-A669-58E0191C2508}.Release|x64.ActiveCfg = Release|x64
		{9D62D828-01BD-4063-A669-58E0191C2508}.Release|x64.Build.0 = Release|x64
		{9D62D828-01BD-4063-A669-58E0191C2508}.Release|x86.ActiveCfg = Release|Win32
		{9D62D828-01BD-4063-A669-58E0191C2508}.Release|x86.Build.0 = Release|Win32
		{52CD6D80-5B71-4C6A-A4AB-60E75B88E0AA}.Debug|x64.ActiveCfg = Debug|x64
		{52CD6D80-5B71-4C6A-A4AB-60E75B88E0AA}.Debug|x64.Build.0 = Debug|x64
		{52CD6D80-5B71-4C6A-A4AB-60E75B88E0AA}.Debug|x86.ActiveCfg = Debug|Win32
		{52CD6D80-5B71-4C6A-A4AB-60E75B88E0AA}.Debug|x86.Build.0 = Debug|Win32
		{52CD6D80-5B71-4C6A-A4AB-60E75B88E0AA}.Release|x64.ActiveCfg = Release|x64
		{52CD6D80-5B71-4C6A-A4AB-60E75B88E0AA}.Release|x64.Build.0 = Release|x64
		{52CD6D80-5B71-4C6A-A4AB-60E75B88E0AA}.Release|x86.ActiveCfg = Release|Win32
		{52CD6D80-5B71-4C6A-A4AB-60E75B88E0AA}.Release|x86.Build.0 = Release|Win32
		{4A6C0FF7-BEC5-454C-AE89-47F82F0F2DEA}.Debug|x64.ActiveCfg = Debug|x64
		{4A6C0FF7-BEC5-454C-AE89-47F82F0F2DEA}.Debug|x64.Build.0 = Debug|x64
		{4A6C0FF7-BEC5-454C-AE89-47F82F0F2DEA}.Debug|x86.ActiveCfg = Debug|Win32
		{4A6C0FF7-BEC5-454C-AE89-47F82F0F2DEA}.Debug|x86.Build.0 = Debug|Win32
		{4A6C0FF7-BEC5-454C-AE89-47F82F0F2DEA}.Release|x64.ActiveCfg = Release|x64
		{4A6C0FF7-BEC5-454C-AE89-47F82F0F2DEA}.Release|x64.Build.0 = Release|x64
		{4A6C0FF7-BEC5-454C-AE89-47F82F0F2DEA}.Release|x86.ActiveCfg = Release|Win32
		{4A6C0FF7-BEC5-454C-AE89-47F82F0F2DEA}.Release|x86.Build.0 = Release|Win32
		{7EB6FDFD-130C-4627-BCAC-69DF3D3B7D07}.Debug|x64.ActiveCfg = Debug|x64
		{7EB6FDFD-130C-4627-BCAC-69DF3D3B7D07}.Debug|x64.Build.0 = Debug|x64
		{7EB6FDFD-130C-4627-BCAC-69DF3D3B7D07}.Debug|x86.ActiveCfg = Debug|Win32
		{7EB6FDFD-130C-4627-BCAC-69DF3D3B7D07}.Debug|x86.Build.0 = Debug|Win32
		{7EB6FDFD-130C-4627-BCAC-69DF3D3B7D07}.Release|x64.ActiveCfg = Release|x64
		{7EB6FDFD-130C-4627-BCAC-69DF3D3B7D07}.Release|x64.Build.0 = Release|x64
		{7EB6FDFD-130C-4627-BCAC-69DF3D3B7D07}.Release|x86.ActiveCfg = Release|Win32
		{7EB6FDFD-130C-4627-BCAC-69DF3D3B7D07}.Release|x86.Build.0 = Release|Win32
		{D91C5905-ECF2-4889-8634-F383D5F154F1}.Debug|x64.ActiveCfg = Debug|x64
		{D91C5905-ECF2-4889-8634-F383D5F154F1}.Debug|x64.Build.0 = Debug|x64
		{D91C5905-ECF2-4889-8634-F383D5F154F1}.Debug|x86.ActiveCfg = Debug|Win32
		{D91C5905-ECF2-4889-8634-F383D5F154F1}.Debug|x86.Build.0 = Debug|Win32
		{D91C5905-ECF2-4889-8634-F383D5F154F1}.Release|x64.ActiveCfg = Release|x64
		{D91C5905-ECF2-4889-8634-F383D5F154F1}.Release|x64.Build.0 = Release|x64
		{D91C5905-ECF2-4889-8634-F383D5F154F1}.Release|x86.ActiveCfg = Release|Win32
		{D91C5905-ECF2-4889-8634-F383D5F154F1}.Release|x86.Build.0 = Release|Win32
		{E039F4D1-B64C-4371-BFAC-8FCE6B752029}.Debug|x64.ActiveCfg = Debug|x64
		{E039F4D1-B64C-4371-BFAC-8FCE6B752029}.Debug|x64.Build.0 = Debug|x64
		{E039F4D1-B64C-4371-BFAC-8FCE6B752029}.Debug|x86.ActiveCfg = Debug|Win32
		{E039F4D1-B64C-4371-BFAC-8FCE6B752029}.Debug|x86.Build.0 = Debug|Win32
		{E039F4D1-B64C-4371-BFAC-8FCE6B752029}.Release|x64.ActiveCfg = Release|x64
		{E039F4D1-B64C-4371-BFAC-8FCE6B752029}.Release|x64.Build.0 = Release|x64
		{E039F4D1-B64C-4371-BFAC-8FCE6B752029}.Release|x86.ActiveCfg = Release|Win32
		{E039F4D1-B64C-4371-BFAC-8FCE6B752029}.Release|x86.Build.0 = Release|Win32
		{E83AEE16-2E18-44CA-9727-EDED63931E54}.Debug|x64.ActiveCfg = Debug|x64
		{E83AEE16-2E18-44CA-9727-EDED63931E54}.Debug|x64.Build.0 = Debug|x64
		{E83AEE16-2E18-44CA-9727-EDED63931E54}.Debug|x86.ActiveCfg = Debug|Win32
		{E83AEE16-2E18-44CA-9727-EDED63931E54}.Debug|x86.Build.0 = Debug|Win32
		{E83AEE16-2E18-44CA-9727-EDED63931E54}.Release|x64.ActiveCfg = Release|x64
		{E83AEE16-2E18-44CA-9727-EDED63931E54}.Release|x64.Build.0 = Release|x64
		{E83AEE16-2E18-44CA-9727-EDED63931E54}.Release|x86.ActiveCfg = Release|Win32
		{E83AEE16-2E18-44CA-9727-EDED63931E54}.Release|x86.Build.0 = Release|Win32
		{0707C677-BB71-45AA-9143-7600834DEDE3}.Debug|x64.ActiveCfg = Debug|x64
		{0707C677-BB71-45AA-9143-7600834DEDE3}.Debug|x64.Build.0 = Debug|x64
		{0707C677-BB71-45AA-9143-7600834DEDE3}.Debug|x86.ActiveCfg = Debug|Win32
		{0707C677-BB71-45AA-9143-7600834DEDE3}.Debug|x86.Build.0 = Debug|Win32
		{0707C677-BB71-45AA-9143-7600834DEDE3}.Release|x64.ActiveCfg = Release|x64
		{0707C677-BB71-45AA-9143-7600834DEDE3}.Release|x64.Build.0 = Release|x64
		{0707C677-BB71-45AA-9143-7600834DEDE3}.Release|x86.ActiveCfg = Release|Win32
		{0707C677-BB71-45AA-9143-7600834DEDE3}.Release|x86.Build.0 = Release|Win32
		{DF5A898D-4958-4912-B56B-B59483EDA6C6}.Debug|x64.ActiveCfg = Debug|x64
		{DF5A898D-4958-4912-B56B-B59483EDA6C6}.Debug|x64.Build.0 = Debug|x64
		{DF5A898D-4958-4912-B56B-B59483EDA6C6}.Debug|x86.ActiveCfg = Debug|Win32
		{DF5A898D-4958-4912-B56B-B59483EDA6C6}.Debug|x86.Build.0 = Debug|Win32
		{DF5A898D-4958-4912-B56B-B59483EDA6C6}.Release|x64.ActiveCfg = Release|x64
		{DF5A898D-4958-4912-B56B-B59483EDA6C6}.Release|x64.Build.0 = Release|x64
		{DF5A898D-4958-4912-B56B-B59483EDA6C6}.Release|x86.ActiveCfg = Release|Win32
		{DF5A898D-4958-4912-B56B-B59483EDA6C6}.Release|x86.Build.0 = Release|Win32
		{D99D0B84-452A-43E7-8661-DBEC695060BE}.Debug|x64.ActiveCfg = Debug|x64
		{D99D0B84-452A-43E7-8661-DBEC695060BE}.Debug|x64.Build.0 = Debug|x64
		{D99D0B84-452A-43E7-8661-DBEC695060BE}.Debug|x86.ActiveCfg = Debug|Win32
		{D99D0B84-452A-43E7-8661-DBEC695060BE}.Debug|x86.Build.0 = Debug|Win32
		{D99D0B84-452A-43E7-8661-DBEC695060BE}.Release|x64.ActiveCfg = Release|x64
		{D99D0B84-452A-43E7-8661-DBEC695060BE}.Release|x64.Build.0 = Release|x64
		{D99D0B84-452A-43E7-8661-DBEC695060BE}.Release|x86.ActiveCfg = Release|Win32
		{D99D0B84-452A-43E7-8661-DBEC695060BE}.Release|x86.Build.0 = Release|Win32
		{8BA27FE7-0B0E-4A8C-AD5C-C915BE1B80F9}.Debug|x64.ActiveCfg = Debug|x64
		{8BA27FE7-0B0E-4A8C-AD5C-C915BE1B80F9}.Debug|x64.Build.0 = Debug|x64
		{8BA27FE7-0B0E-4A8C-AD5C-C915BE1B80F9}.Debug|x86.ActiveCfg = Debug|Win32
		{8BA27FE7-0B0E-4A8C-AD5C-C915BE1B80F9}.Debug|x86.Build.0 = Debug|Win32
		{8BA27FE7-0B0E-4A8C-AD5C-C915BE1B80F9}.Release|x64.ActiveCfg = Release|x64
		{8BA27FE7-0B0E-4A8C-AD5C-C915BE1B80F9}.Release|x64.Build.0 = Release|x64
		{8BA27FE7-0B0E-4A8C-AD5C-C915BE1B80F9}.Release|x86.ActiveCfg = Release|Win32
		{8BA27FE7-0B0E-4A8C-AD5C-C915BE1B80F9}.Release|x86.Build.0 = Release|Win32
		{234686C6-E64A-4651-B888-1DC1AA365593}.Debug|x64.ActiveCfg = Debug|x64
		{234686C6-E64A-4651-B888-1DC1AA365593}.Debug|x64.Build.0 = Debug|x64
		{234686C6-E64A-4651-B888-1DC1AA365593}.Debug|x86.ActiveCfg = Debug|Win32
		{234686C6-E64A-4651-B888-1DC1AA365593}.Debug|x86.Build.0 = Debug|Win32
		{234686C6-E64A-4651-B888-1DC1AA365593}.Release|x64.ActiveCfg = Release|x64
		{234686C6-E64A-4651-B888-1DC1AA365593}.Release|x64.Build.0 = Release|x64
		{234686C6-E64A-4651-B888-1DC1AA365593}.Release|x86.ActiveCfg = Release|Win32
		{234686C6-E64A-4651-B888-1DC1AA365593}.Release|x86.Build.0 = Release|Win32
		{A406DF85-71FD-4756-9814-CB225275BF39}.Debug|x64.ActiveCfg = Debug|x64
		{A406DF85-71FD-4756-9814-CB225275BF39}.Debug|x64.Build.0 = Debug|x64
		{A406DF85-71FD-4756-9814-CB225275BF39}.Debug|x86.ActiveCfg = Debug|Win32
		{A406DF85-71FD-4756-9814-CB225275BF39}.Debug|x86.Build.0 = Debug|Win32
		{A406DF85-71FD-4756-9814-CB225275BF39}.Release|x64.ActiveCfg = Release|x64
		{A406DF85-71FD-4756-9814-CB225275BF39}.Release|x64.Build.0 = Release|x64
		{A406DF85-71FD-4756-9814-CB225275BF39}.Release|x86.ActiveCfg = Release|Win32
		{A406DF85-71FD-4756-9814-CB225275BF39}.Release|x86.Build.0 = Release|Win32
		{49DF6F4F-1521-4043-961B-F1D8404C9F64}.Debug|x64.ActiveCfg = Debug|x64
		{49DF6F4F-1521-4043-961B-F1D8404C9F64}.Debug|x64.Build.0 = Debug|x64
		{49DF6F4F-1521-4043-961B-F1D8404C9F64}.Debug|x86.ActiveCfg = Debug|Win32
		{49DF6F4F-1521-4043-961B-F1D8404C9F64}.Debug|x86.Build.0 = Debug|Win32
		{49DF6F4F-1521-4043-961B-F1D8404C9F64}.Release|x64.ActiveCfg = Release|x64
		{49DF6F4F-1521-4043-961B-F1D8404C9F64}.Release|x64.Build.0 = Release|x64
		{49DF6F4F-1521-4043-961B-F1D8404C9F64}.Release|x86.ActiveCfg = Release|Win32
		{49DF6F4F-1521-4043-961B-F1D8404C9F64}.Release|x86.Build.0 = Release|Win32
		{F788738A-B5F9-4124-AA0C-4FBCCBFE7F14}.Debug|x64.ActiveCfg = Debug|x64
		{F788738A-B5F9-4124-AA0C-4FBCCBFE7F14}.Debug|x64.Build.0 = Debug|x64
		{F788738A-B5F9-4124-AA0C-4FBCCBFE7F14}.Debug|x86.ActiveCfg = Debug|Win32
		{F788738A-B5F9-4124-AA0C-4FBCCBFE7F14}.Debug|x86.Build.0 = Debug|Win32
		{F788738A-B5F9-4124-AA0C-4FBCCBFE7F14}.Release|x64.ActiveCfg = Release|x64
		{F788738A-B5F9-4124-AA0C-4FBCCBFE7F14}.Release|x64.Build.0 = Release|x64
		{F788738A-B5F9-4124-AA0C-4FBCCBFE7F14}.Release|x86.ActiveCfg = Release|Win32
		{F788738A-B5F9-4124-AA0C-4FBCCBFE7F14}.Release|x86.Build.0 = Release|Win32
		{D18F6071-2CFC-4986-9A96-8124CC2CFFE0}.Debug|x64.ActiveCfg = Debug|x64
		{D18F6071-2CFC-4986-9A96-8124CC2CFFE0}.Debug|x64.Build.0 = Debug|x64
		{D18F6071-2CFC-4986-9A96-8124CC2CFFE0}.Debug|x86.ActiveCfg = Debug|Win32
		{D18F6071-2CFC-4986-9A96-8124CC2CFFE0}.Debug|x86.Build.0 = Debug|Win32
		{D18F6071-2CFC-4986-9A96-8124CC2CFFE0}.Release|x64.ActiveCfg = Release|x64
		{D18F6071-2CFC-4986-9A96-8124CC2CFFE0}.Release|x64.Build.0 = Release|x64
		{D18F6071-2CFC-4986-9A96-8124CC2CFFE0}.Release|x86.ActiveCfg = Release|Win32
		{D18F6071-2CFC-4986-9A96-8124CC2CFFE0}.Release|x86.Build.0 = Release|Win32
		{DD001B28-D612-405D-A481-3508021DC273}.Debug|x64.ActiveCfg = Debug|x64
		{DD001B28-D612-405D-A481-3508021DC273}.Debug|x64.Build.0 = Debug|x64
		{DD001B28-D612-405D-A481-3508021DC273}.Debug|x86.ActiveCfg = Debug|Win32
		{DD001B28-D612-405D-A481-3508021DC273}.Debug|x86.Build.0 = Debug|Win32
		{DD001B28-D612-405D-A481-3508021DC273}.Release|x64.ActiveCfg = Release|x64
		{DD001B28-D612-405D-A481-3508021DC273}.Release|x64.Build.0 = Release|x64
		{DD001B28-D612-405D-A481-3508021DC273}.Release|x86.ActiveCfg = Release|Win32
		{DD001B28-D612-405D-A481-3508021DC273}.Release|x86.Build.0 = Release|Win32
		{C2960F27-010A-4FE0-AD0E-94CA32542034}.Debug|x64.ActiveCfg = Debug|x64
		{C2960F27-010A-4FE0-AD0E-94CA32542034}.Debug|x64.Build.0 = Debug|x64
		{C2960F27-010A-4FE0-AD0E-94CA32542034}.Debug|x86.ActiveCfg = Debug|Win32
		{C2960F27-010A-4FE0-AD0E-94CA32542034}.Debug|x86.Build.0 = Debug|Win32
		{C2960F27-010A-4FE0-AD0E-94CA32542034}.Release|x64.ActiveCfg = Release|x64
		{C2960F27-010A-4FE0-AD0E-94CA32542034}.Release|x64.Build.0 = Release|x64
		{C2960F27-010A-4FE0-AD0E-94CA32542034}.Release|x86.ActiveCfg = Release|Win32
		{C2960F27-010A-4FE0-AD0E-94CA32542034}.Release|x86.Build.0 = Release|Win32
		{51EDE3AB-4C98-4979-98A9-02171C3F2CD1}.Debug|x64.ActiveCfg = Debug|x64
		{51EDE3AB-4C98-4979-98A9-02171C3F2CD1}.Debug|x64.Build.0 = Debug|x64
		{51EDE3AB-4C98-4979-98A9-02171C3F2CD1}.Debug|x86.ActiveCfg = Debug|Win32
		{51EDE3AB-4C98-4979-98A9-02171C3F2CD1}.Debug|x86.Build.0 = Debug|Win32
		{51EDE3AB-4C98-4979-98A9-02171C3F2CD1}.Release|x64.ActiveCfg = Release|x64
		{51EDE3AB-4C98-4979-98A9-02171C3F2CD1}.Release|x64.Build.0 = Release|x64
		{51EDE3AB-4C98-4979-98A9-02171C3F2CD1}.Release|x86.ActiveCfg = Release|Win32
		{51EDE3AB-4C98-4979-98A9-02171C3F2CD1}.Release|x86.Build.0 = Release|Win32
		{2082C28F-D16B-4BCD-9665-0AE01F2001D1}.Debug|x64.ActiveCfg = Debug|x64
		{2082C28F-D16B-4BCD-9665-0AE01F2001D1}.Debug|x64.Build.0 = Debug|x64
		{2082C28F-D16B-4BCD-9665-0AE01F2001D1}.Debug|x86.ActiveCfg = Debug|Win32
		{2082C28F-D16B-4BCD-9665-0AE01F2001D1}.Debug|x86.Build.0 = Debug|Win32
		{2082C28F-D16B-4BCD-9665-0AE01F2001D1}.Release|x64.ActiveCfg = Release|x64
		{2082C28F-D16B-4BCD-9665-0AE01F2001D1}.Release|x64.Build.0 = Release|x64
		{2082C28F-D16B-4BCD-9665-0AE01F2001D1}.Release|x86.ActiveCfg = Release|Win32
		{2082C28F-D16B-4BCD-9665-0AE01F2001D1}.Release|x86.Build.0 = Release|Win32
		{4193DDA4-310B-43FD-8464-EFA3EABB2D22}.Debug|x64.ActiveCfg = Debug|x64
		{4193DDA4-310B-43FD-8464-EFA3EABB2D22}.Debug|x64.Build.0 = Debug|x64
		{4193DDA4-310B-43FD-8464-EFA3EABB2D22}.Debug|x86.ActiveCfg = Debug|Win32
		{4193DDA4-310B-43FD-8464-EFA3EABB2D22}.Debug|x86.Build.0 = Debug|Win32
		{4193DDA4-310B-43FD-8464-EFA3EABB2D22}.Release|x64.ActiveCfg = Release|x64
		{4193DDA4-310B-43FD-8464-EFA3EABB2D22}.Release|x64.Build.0 = Release|x64
		{4193DDA4-310B-43FD-8464-EFA3EABB2D22}.Release|x86.ActiveCfg = Release|Win32
		{4193DDA4-310B-43FD-8464-EFA3EABB2D22}.Release|x86.Build.0 = Release|Win32
		{34E993E3-6B71-4BAB-844C-294C9223FC77}.Debug|x64.ActiveCfg = Debug|x64
		{34E993E3-6B71-4BAB-844C-294C9223FC77}.Debug|x64.Build.0 = Debug|x64
		{34E993E3-6B71-4BAB-844C-294C9223FC77}.Debug|x86.ActiveCfg = Debug|Win32
		{34E993E3-6B71-4BAB-844C-294C9223FC77}.Debug|x86.Build.0 = Debug|Win32
		{34E993E3-6B71-4BAB-844C-294C9223FC77}.Release|x64.ActiveCfg = Release|x64
		{34E993E3-6B71-4BAB-844C-294C9223FC77}.Release|x64.Build.0 = Release|x64
		{34E993E3-6B71-4BAB-844C-294C9223FC77}.Release|x86.ActiveCfg = Release|Win32
		{34E993E3-6B71-4BAB-844C-294C9223FC77}.Release|x86.Build.0 = Release|Win32
	EndGlobalSection
	GlobalSection(SolutionProperties) = preSolution
		HideSolutionNode = FALSE
	EndGlobalSection
	GlobalSection(ExtensibilityGlobals) = postSolution
		SolutionGuid = {029DE36D-2D03-4717-A410-0DCA6C47162A}
	EndGlobalSection
EndGlobal
