
Microsoft Visual Studio Solution File, Format Version 12.00
# Visual Studio Version 16
VisualStudioVersion = 16.0.31515.178
MinimumVisualStudioVersion = 10.0.40219.1
Project("{8BC9CEB8-8B4A-11D0-8D11-00A0C91BC942}") = "Q1316", "Q1316\Q1316.vcxproj", "{4DE830EE-F825-468A-A5C2-D02FCD2071CC}"
EndProject
Project("{8BC9CEB8-8B4A-11D0-8D11-00A0C91BC942}") = "Q1712", "Q1712\Q1712.vcxproj", "{9D62D828-01BD-4063-A669-58E0191C2508}"
EndProject
Project("{8BC9CEB8-8B4A-11D0-8D11-00A0C91BC942}") = "Q2292", "Q2292\Q2292.vcxproj", "{52CD6D80-5B71-4C6A-A4AB-60E75B88E0AA}"
EndProject
Project("{8BC9CEB8-8B4A-11D0-8D11-00A0C91BC942}") = "Q1193", "Q1193\Q1193.vcxproj", "{4A6C0FF7-BEC5-454C-AE89-47F82F0F2DEA}"
EndProject
Project("{8BC9CEB8-8B4A-11D0-8D11-00A0C91BC942}") = "Q1193_2", "Q1193_2\Q1193_2.vcxproj", "{7EB6FDFD-130C-4627-BCAC-69DF3D3B7D07}"
EndProject
Global
	GlobalSection(SolutionConfigurationPlatforms) = preSolution
		Debug|x64 = Debug|x64
		Debug|x86 = Debug|x86
		Release|x64 = Release|x64
		Release|x86 = Release|x86
	EndGlobalSection
	GlobalSection(ProjectConfigurationPlatforms) = postSolution
		{4DE830EE-F825-468A-A5C2-D02FCD2071CC}.Debug|x64.ActiveCfg = Debug|x64
		{4DE830EE-F825-468A-A5C2-D02FCD2071CC}.Debug|x64.Build.0 = Debug|x64
		{4DE830EE-F825-468A-A5C2-D02FCD2071CC}.Debug|x86.ActiveCfg = Debug|Win32
		{4DE830EE-F825-468A-A5C2-D02FCD2071CC}.Debug|x86.Build.0 = Debug|Win32
		{4DE830EE-F825-468A-A5C2-D02FCD2071CC}.Release|x64.ActiveCfg = Release|x64
		{4DE830EE-F825-468A-A5C2-D02FCD2071CC}.Release|x64.Build.0 = Release|x64
		{4DE830EE-F825-468A-A5C2-D02FCD2071CC}.Release|x86.ActiveCfg = Release|Win32
		{4DE830EE-F825-468A-A5C2-D02FCD2071CC}.Release|x86.Build.0 = Release|Win32
		{9D62D828-01BD-4063-A669-58E0191C2508}.Debug|x64.ActiveCfg = Debug|x64
		{9D62D828-01BD-4063-A669-58E0191C2508}.Debug|x64.Build.0 = Debug|x64
		{9D62D828-01BD-4063-A669-58E0191C2508}.Debug|x86.ActiveCfg = Debug|Win32
		{9D62D828-01BD-4063-A669-58E0191C2508}.Debug|x86.Build.0 = Debug|Win32
		{9D62D828-01BD-4063-A669-58E0191C2508}.Release|x64.ActiveCfg = Release|x64
		{9D62D828-01BD-4063-A669-58E0191C2508}.Release|x64.Build.0 = Release|x64
		{9D62D828-01BD-4063-A669-58E0191C2508}.Release|x86.ActiveCfg = Release|Win32
		{9D62D828-01BD-4063-A669-58E0191C2508}.Release|x86.Build.0 = Release|Win32
		{52CD6D80-5B71-4C6A-A4AB-60E75B88E0AA}.Debug|x64.ActiveCfg = Debug|x64
		{52CD6D80-5B71-4C6A-A4AB-60E75B88E0AA}.Debug|x64.Build.0 = Debug|x64
		{52CD6D80-5B71-4C6A-A4AB-60E75B88E0AA}.Debug|x86.ActiveCfg = Debug|Win32
		{52CD6D80-5B71-4C6A-A4AB-60E75B88E0AA}.Debug|x86.Build.0 = Debug|Win32
		{52CD6D80-5B71-4C6A-A4AB-60E75B88E0AA}.Release|x64.ActiveCfg = Release|x64
		{52CD6D80-5B71-4C6A-A4AB-60E75B88E0AA}.Release|x64.Build.0 = Release|x64
		{52CD6D80-5B71-4C6A-A4AB-60E75B88E0AA}.Release|x86.ActiveCfg = Release|Win32
		{52CD6D80-5B71-4C6A-A4AB-60E75B88E0AA}.Release|x86.Build.0 = Release|Win32
		{4A6C0FF7-BEC5-454C-AE89-47F82F0F2DEA}.Debug|x64.ActiveCfg = Debug|x64
		{4A6C0FF7-BEC5-454C-AE89-47F82F0F2DEA}.Debug|x64.Build.0 = Debug|x64
		{4A6C0FF7-BEC5-454C-AE89-47F82F0F2DEA}.Debug|x86.ActiveCfg = Debug|Win32
		{4A6C0FF7-BEC5-454C-AE89-47F82F0F2DEA}.Debug|x86.Build.0 = Debug|Win32
		{4A6C0FF7-BEC5-454C-AE89-47F82F0F2DEA}.Release|x64.ActiveCfg = Release|x64
		{4A6C0FF7-BEC5-454C-AE89-47F82F0F2DEA}.Release|x64.Build.0 = Release|x64
		{4A6C0FF7-BEC5-454C-AE89-47F82F0F2DEA}.Release|x86.ActiveCfg = Release|Win32
		{4A6C0FF7-BEC5-454C-AE89-47F82F0F2DEA}.Release|x86.Build.0 = Release|Win32
		{7EB6FDFD-130C-4627-BCAC-69DF3D3B7D07}.Debug|x64.ActiveCfg = Debug|x64
		{7EB6FDFD-130C-4627-BCAC-69DF3D3B7D07}.Debug|x64.Build.0 = Debug|x64
		{7EB6FDFD-130C-4627-BCAC-69DF3D3B7D07}.Debug|x86.ActiveCfg = Debug|Win32
		{7EB6FDFD-130C-4627-BCAC-69DF3D3B7D07}.Debug|x86.Build.0 = Debug|Win32
		{7EB6FDFD-130C-4627-BCAC-69DF3D3B7D07}.Release|x64.ActiveCfg = Release|x64
		{7EB6FDFD-130C-4627-BCAC-69DF3D3B7D07}.Release|x64.Build.0 = Release|x64
		{7EB6FDFD-130C-4627-BCAC-69DF3D3B7D07}.Release|x86.ActiveCfg = Release|Win32
		{7EB6FDFD-130C-4627-BCAC-69DF3D3B7D07}.Release|x86.Build.0 = Release|Win32
	EndGlobalSection
	GlobalSection(SolutionProperties) = preSolution
		HideSolutionNode = FALSE
	EndGlobalSection
	GlobalSection(ExtensibilityGlobals) = postSolution
		SolutionGuid = {029DE36D-2D03-4717-A410-0DCA6C47162A}
	EndGlobalSection
EndGlobal
